// !$*UTF8*$!
{
	archiveVersion = 1;
	classes = {
	};
	objectVersion = 50;
	objects = {

/* Begin PBXBuildFile section */
		0B73945D237493AE0087C95F /* MenuCell.swift in Sources */ = {isa = PBXBuildFile; fileRef = 0B73945C237493AE0087C95F /* MenuCell.swift */; };
		0B73946823774B000087C95F /* SuggestionsManager.swift in Sources */ = {isa = PBXBuildFile; fileRef = 0B73946723774B000087C95F /* SuggestionsManager.swift */; };
		0B73946B23783C350087C95F /* SuggestionNavigators.swift in Sources */ = {isa = PBXBuildFile; fileRef = 0B73946A23783C350087C95F /* SuggestionNavigators.swift */; };
		0B73946D237842C00087C95F /* MovieSuggestionsView.swift in Sources */ = {isa = PBXBuildFile; fileRef = 0B73946C237842C00087C95F /* MovieSuggestionsView.swift */; };
		0B73947523799A150087C95F /* Client.swift in Sources */ = {isa = PBXBuildFile; fileRef = 0B73947423799A150087C95F /* Client.swift */; };
		0B7394772379AA550087C95F /* SelectionManager.swift in Sources */ = {isa = PBXBuildFile; fileRef = 0B7394762379AA550087C95F /* SelectionManager.swift */; };
		0B7394792379AC4B0087C95F /* OptionsMenuView.swift in Sources */ = {isa = PBXBuildFile; fileRef = 0B7394782379AC4B0087C95F /* OptionsMenuView.swift */; };
		0B73947C2379EF3F0087C95F /* MenuOption.swift in Sources */ = {isa = PBXBuildFile; fileRef = 0B73947B2379EF3F0087C95F /* MenuOption.swift */; };
		0B73947E237AD33C0087C95F /* Page.swift in Sources */ = {isa = PBXBuildFile; fileRef = 0B73947D237AD33C0087C95F /* Page.swift */; };
		0B739480237AD35C0087C95F /* Genres.swift in Sources */ = {isa = PBXBuildFile; fileRef = 0B73947F237AD35C0087C95F /* Genres.swift */; };
		0B739482237AD5B60087C95F /* Error.swift in Sources */ = {isa = PBXBuildFile; fileRef = 0B739481237AD5B60087C95F /* Error.swift */; };
		0B739484237ADC120087C95F /* Movie.swift in Sources */ = {isa = PBXBuildFile; fileRef = 0B739483237ADC120087C95F /* Movie.swift */; };
		0B739486237AEE090087C95F /* StateEnums.swift in Sources */ = {isa = PBXBuildFile; fileRef = 0B739485237AEE090087C95F /* StateEnums.swift */; };
		0B739488237B3AD20087C95F /* Endpoint.swift in Sources */ = {isa = PBXBuildFile; fileRef = 0B739487237B3AD20087C95F /* Endpoint.swift */; };
		0B7ABD0C2370190000EF16B0 /* AppDelegate.swift in Sources */ = {isa = PBXBuildFile; fileRef = 0B7ABD0B2370190000EF16B0 /* AppDelegate.swift */; };
		0B7ABD0E2370190000EF16B0 /* SceneDelegate.swift in Sources */ = {isa = PBXBuildFile; fileRef = 0B7ABD0D2370190000EF16B0 /* SceneDelegate.swift */; };
		0B7ABD102370190000EF16B0 /* ViewController.swift in Sources */ = {isa = PBXBuildFile; fileRef = 0B7ABD0F2370190000EF16B0 /* ViewController.swift */; };
		0B7ABD132370190000EF16B0 /* Main.storyboard in Resources */ = {isa = PBXBuildFile; fileRef = 0B7ABD112370190000EF16B0 /* Main.storyboard */; };
		0B7ABD152370190200EF16B0 /* Assets.xcassets in Resources */ = {isa = PBXBuildFile; fileRef = 0B7ABD142370190200EF16B0 /* Assets.xcassets */; };
		0B7ABD182370190200EF16B0 /* LaunchScreen.storyboard in Resources */ = {isa = PBXBuildFile; fileRef = 0B7ABD162370190200EF16B0 /* LaunchScreen.storyboard */; };
		0B7ABD2023701FD700EF16B0 /* Colors.swift in Sources */ = {isa = PBXBuildFile; fileRef = 0B7ABD1F23701FD700EF16B0 /* Colors.swift */; };
		0B7ABD2623702A3F00EF16B0 /* Icons.swift in Sources */ = {isa = PBXBuildFile; fileRef = 0B7ABD2523702A3F00EF16B0 /* Icons.swift */; };
		0B7ABD2A23703B9700EF16B0 /* Extensions.swift in Sources */ = {isa = PBXBuildFile; fileRef = 0B7ABD2923703B9700EF16B0 /* Extensions.swift */; };
		0B7ABD2C2370A6DC00EF16B0 /* ModeToggleButton.swift in Sources */ = {isa = PBXBuildFile; fileRef = 0B7ABD2B2370A6DC00EF16B0 /* ModeToggleButton.swift */; };
		0B7ABD2E2370ADA600EF16B0 /* ClearInputButton.swift in Sources */ = {isa = PBXBuildFile; fileRef = 0B7ABD2D2370ADA600EF16B0 /* ClearInputButton.swift */; };
		0B7ABD302370BD1F00EF16B0 /* Constants.swift in Sources */ = {isa = PBXBuildFile; fileRef = 0B7ABD2F2370BD1F00EF16B0 /* Constants.swift */; };
		0B7ABD32237160DC00EF16B0 /* LogoImageView.swift in Sources */ = {isa = PBXBuildFile; fileRef = 0B7ABD31237160DC00EF16B0 /* LogoImageView.swift */; };
		0B7ABD372371B3B700EF16B0 /* ViewControllerMethods.swift in Sources */ = {isa = PBXBuildFile; fileRef = 0B7ABD362371B3B700EF16B0 /* ViewControllerMethods.swift */; };
		0B7ABD392371BC6000EF16B0 /* LeftSelectionMenu.swift in Sources */ = {isa = PBXBuildFile; fileRef = 0B7ABD382371BC6000EF16B0 /* LeftSelectionMenu.swift */; };
		0B7ABD3B2371C75E00EF16B0 /* SuggestMovieButton.swift in Sources */ = {isa = PBXBuildFile; fileRef = 0B7ABD3A2371C75E00EF16B0 /* SuggestMovieButton.swift */; };
		0B7ABD3F2371C83A00EF16B0 /* RighSelectionMenu.swift in Sources */ = {isa = PBXBuildFile; fileRef = 0B7ABD3E2371C83A00EF16B0 /* RighSelectionMenu.swift */; };
		0B7ABD412371FEA800EF16B0 /* TopButtonBar.swift in Sources */ = {isa = PBXBuildFile; fileRef = 0B7ABD402371FEA800EF16B0 /* TopButtonBar.swift */; };
		0B7ABD452372B5B600EF16B0 /* Zipper.swift in Sources */ = {isa = PBXBuildFile; fileRef = 0B7ABD442372B5B600EF16B0 /* Zipper.swift */; };
		0B7ABD472372F2B400EF16B0 /* ZipperAnimations.swift in Sources */ = {isa = PBXBuildFile; fileRef = 0B7ABD462372F2B400EF16B0 /* ZipperAnimations.swift */; };
		0B7ABD4923732CCC00EF16B0 /* IconLegalStuff.swift in Sources */ = {isa = PBXBuildFile; fileRef = 0B7ABD4823732CCC00EF16B0 /* IconLegalStuff.swift */; };
/* End PBXBuildFile section */

/* Begin PBXFileReference section */
		0B73945C237493AE0087C95F /* MenuCell.swift */ = {isa = PBXFileReference; lastKnownFileType = sourcecode.swift; path = MenuCell.swift; sourceTree = "<group>"; };
		0B73946723774B000087C95F /* SuggestionsManager.swift */ = {isa = PBXFileReference; lastKnownFileType = sourcecode.swift; path = SuggestionsManager.swift; sourceTree = "<group>"; };
		0B73946A23783C350087C95F /* SuggestionNavigators.swift */ = {isa = PBXFileReference; lastKnownFileType = sourcecode.swift; path = SuggestionNavigators.swift; sourceTree = "<group>"; };
		0B73946C237842C00087C95F /* MovieSuggestionsView.swift */ = {isa = PBXFileReference; lastKnownFileType = sourcecode.swift; path = MovieSuggestionsView.swift; sourceTree = "<group>"; };
		0B73947423799A150087C95F /* Client.swift */ = {isa = PBXFileReference; lastKnownFileType = sourcecode.swift; path = Client.swift; sourceTree = "<group>"; };
		0B7394762379AA550087C95F /* SelectionManager.swift */ = {isa = PBXFileReference; lastKnownFileType = sourcecode.swift; path = SelectionManager.swift; sourceTree = "<group>"; };
		0B7394782379AC4B0087C95F /* OptionsMenuView.swift */ = {isa = PBXFileReference; lastKnownFileType = sourcecode.swift; path = OptionsMenuView.swift; sourceTree = "<group>"; };
		0B73947B2379EF3F0087C95F /* MenuOption.swift */ = {isa = PBXFileReference; lastKnownFileType = sourcecode.swift; path = MenuOption.swift; sourceTree = "<group>"; };
		0B73947D237AD33C0087C95F /* Page.swift */ = {isa = PBXFileReference; lastKnownFileType = sourcecode.swift; path = Page.swift; sourceTree = "<group>"; };
		0B73947F237AD35C0087C95F /* Genres.swift */ = {isa = PBXFileReference; lastKnownFileType = sourcecode.swift; path = Genres.swift; sourceTree = "<group>"; };
		0B739481237AD5B60087C95F /* Error.swift */ = {isa = PBXFileReference; lastKnownFileType = sourcecode.swift; path = Error.swift; sourceTree = "<group>"; };
		0B739483237ADC120087C95F /* Movie.swift */ = {isa = PBXFileReference; lastKnownFileType = sourcecode.swift; path = Movie.swift; sourceTree = "<group>"; };
		0B739485237AEE090087C95F /* StateEnums.swift */ = {isa = PBXFileReference; lastKnownFileType = sourcecode.swift; path = StateEnums.swift; sourceTree = "<group>"; };
		0B739487237B3AD20087C95F /* Endpoint.swift */ = {isa = PBXFileReference; lastKnownFileType = sourcecode.swift; path = Endpoint.swift; sourceTree = "<group>"; };
		0B7ABD082370190000EF16B0 /* ZipFlix.app */ = {isa = PBXFileReference; explicitFileType = wrapper.application; includeInIndex = 0; path = ZipFlix.app; sourceTree = BUILT_PRODUCTS_DIR; };
		0B7ABD0B2370190000EF16B0 /* AppDelegate.swift */ = {isa = PBXFileReference; lastKnownFileType = sourcecode.swift; path = AppDelegate.swift; sourceTree = "<group>"; };
		0B7ABD0D2370190000EF16B0 /* SceneDelegate.swift */ = {isa = PBXFileReference; lastKnownFileType = sourcecode.swift; path = SceneDelegate.swift; sourceTree = "<group>"; };
		0B7ABD0F2370190000EF16B0 /* ViewController.swift */ = {isa = PBXFileReference; lastKnownFileType = sourcecode.swift; path = ViewController.swift; sourceTree = "<group>"; };
		0B7ABD122370190000EF16B0 /* Base */ = {isa = PBXFileReference; lastKnownFileType = file.storyboard; name = Base; path = Base.lproj/Main.storyboard; sourceTree = "<group>"; };
		0B7ABD142370190200EF16B0 /* Assets.xcassets */ = {isa = PBXFileReference; lastKnownFileType = folder.assetcatalog; path = Assets.xcassets; sourceTree = "<group>"; };
		0B7ABD172370190200EF16B0 /* Base */ = {isa = PBXFileReference; lastKnownFileType = file.storyboard; name = Base; path = Base.lproj/LaunchScreen.storyboard; sourceTree = "<group>"; };
		0B7ABD192370190200EF16B0 /* Info.plist */ = {isa = PBXFileReference; lastKnownFileType = text.plist.xml; path = Info.plist; sourceTree = "<group>"; };
		0B7ABD1F23701FD700EF16B0 /* Colors.swift */ = {isa = PBXFileReference; lastKnownFileType = sourcecode.swift; path = Colors.swift; sourceTree = "<group>"; };
		0B7ABD2523702A3F00EF16B0 /* Icons.swift */ = {isa = PBXFileReference; lastKnownFileType = sourcecode.swift; path = Icons.swift; sourceTree = "<group>"; };
		0B7ABD2923703B9700EF16B0 /* Extensions.swift */ = {isa = PBXFileReference; lastKnownFileType = sourcecode.swift; path = Extensions.swift; sourceTree = "<group>"; };
		0B7ABD2B2370A6DC00EF16B0 /* ModeToggleButton.swift */ = {isa = PBXFileReference; lastKnownFileType = sourcecode.swift; path = ModeToggleButton.swift; sourceTree = "<group>"; };
		0B7ABD2D2370ADA600EF16B0 /* ClearInputButton.swift */ = {isa = PBXFileReference; lastKnownFileType = sourcecode.swift; path = ClearInputButton.swift; sourceTree = "<group>"; };
		0B7ABD2F2370BD1F00EF16B0 /* Constants.swift */ = {isa = PBXFileReference; lastKnownFileType = sourcecode.swift; path = Constants.swift; sourceTree = "<group>"; };
		0B7ABD31237160DC00EF16B0 /* LogoImageView.swift */ = {isa = PBXFileReference; lastKnownFileType = sourcecode.swift; path = LogoImageView.swift; sourceTree = "<group>"; };
		0B7ABD362371B3B700EF16B0 /* ViewControllerMethods.swift */ = {isa = PBXFileReference; lastKnownFileType = sourcecode.swift; path = ViewControllerMethods.swift; sourceTree = "<group>"; };
		0B7ABD382371BC6000EF16B0 /* LeftSelectionMenu.swift */ = {isa = PBXFileReference; lastKnownFileType = sourcecode.swift; path = LeftSelectionMenu.swift; sourceTree = "<group>"; };
		0B7ABD3A2371C75E00EF16B0 /* SuggestMovieButton.swift */ = {isa = PBXFileReference; lastKnownFileType = sourcecode.swift; path = SuggestMovieButton.swift; sourceTree = "<group>"; };
		0B7ABD3E2371C83A00EF16B0 /* RighSelectionMenu.swift */ = {isa = PBXFileReference; lastKnownFileType = sourcecode.swift; path = RighSelectionMenu.swift; sourceTree = "<group>"; };
		0B7ABD402371FEA800EF16B0 /* TopButtonBar.swift */ = {isa = PBXFileReference; lastKnownFileType = sourcecode.swift; path = TopButtonBar.swift; sourceTree = "<group>"; };
		0B7ABD442372B5B600EF16B0 /* Zipper.swift */ = {isa = PBXFileReference; lastKnownFileType = sourcecode.swift; path = Zipper.swift; sourceTree = "<group>"; };
		0B7ABD462372F2B400EF16B0 /* ZipperAnimations.swift */ = {isa = PBXFileReference; lastKnownFileType = sourcecode.swift; path = ZipperAnimations.swift; sourceTree = "<group>"; };
		0B7ABD4823732CCC00EF16B0 /* IconLegalStuff.swift */ = {isa = PBXFileReference; lastKnownFileType = sourcecode.swift; path = IconLegalStuff.swift; sourceTree = "<group>"; };
/* End PBXFileReference section */

/* Begin PBXFrameworksBuildPhase section */
		0B7ABD052370190000EF16B0 /* Frameworks */ = {
			isa = PBXFrameworksBuildPhase;
			buildActionMask = 2147483647;
			files = (
			);
			runOnlyForDeploymentPostprocessing = 0;
		};
/* End PBXFrameworksBuildPhase section */

/* Begin PBXGroup section */
		0B73945B2374519F0087C95F /* SideSelectionMenu */ = {
			isa = PBXGroup;
			children = (
				0B7ABD382371BC6000EF16B0 /* LeftSelectionMenu.swift */,
				0B7ABD3E2371C83A00EF16B0 /* RighSelectionMenu.swift */,
				0B73945C237493AE0087C95F /* MenuCell.swift */,
				0B7ABD442372B5B600EF16B0 /* Zipper.swift */,
			);
			path = SideSelectionMenu;
			sourceTree = "<group>";
		};
		0B73946923783C030087C95F /* SuggestionsMenu */ = {
			isa = PBXGroup;
			children = (
				0B73946A23783C350087C95F /* SuggestionNavigators.swift */,
				0B73946C237842C00087C95F /* MovieSuggestionsView.swift */,
			);
			path = SuggestionsMenu;
			sourceTree = "<group>";
		};
		0B7394732379999D0087C95F /* Networking */ = {
			isa = PBXGroup;
			children = (
				0B73947423799A150087C95F /* Client.swift */,
				0B739481237AD5B60087C95F /* Error.swift */,
				0B739487237B3AD20087C95F /* Endpoint.swift */,
			);
			path = Networking;
			sourceTree = "<group>";
		};
		0B73947A2379AC560087C95F /* OptionsMenu */ = {
			isa = PBXGroup;
			children = (
				0B7394782379AC4B0087C95F /* OptionsMenuView.swift */,
				0B7394762379AA550087C95F /* SelectionManager.swift */,
			);
			path = OptionsMenu;
			sourceTree = "<group>";
		};
		0B7ABCFF2370190000EF16B0 = {
			isa = PBXGroup;
			children = (
				0B7ABD0A2370190000EF16B0 /* ZipFlix */,
				0B7ABD092370190000EF16B0 /* Products */,
			);
			sourceTree = "<group>";
		};
		0B7ABD092370190000EF16B0 /* Products */ = {
			isa = PBXGroup;
			children = (
				0B7ABD082370190000EF16B0 /* ZipFlix.app */,
			);
			name = Products;
			sourceTree = "<group>";
		};
		0B7ABD0A2370190000EF16B0 /* ZipFlix */ = {
			isa = PBXGroup;
			children = (
				0B7ABD332371611400EF16B0 /* Delete? */,
				0B7ABD24237020B800EF16B0 /* Helpers */,
				0B7ABD232370209000EF16B0 /* Model */,
				0B7ABD222370208E00EF16B0 /* View */,
				0B7ABD212370208C00EF16B0 /* Controller */,
				0B7394732379999D0087C95F /* Networking */,
				0B7ABD142370190200EF16B0 /* Assets.xcassets */,
				0B7ABD0B2370190000EF16B0 /* AppDelegate.swift */,
				0B7ABD0D2370190000EF16B0 /* SceneDelegate.swift */,
				0B7ABD112370190000EF16B0 /* Main.storyboard */,
				0B7ABD162370190200EF16B0 /* LaunchScreen.storyboard */,
				0B7ABD192370190200EF16B0 /* Info.plist */,
				0B7ABD4823732CCC00EF16B0 /* IconLegalStuff.swift */,
			);
			path = ZipFlix;
			sourceTree = "<group>";
		};
		0B7ABD212370208C00EF16B0 /* Controller */ = {
			isa = PBXGroup;
			children = (
				0B7ABD0F2370190000EF16B0 /* ViewController.swift */,
				0B7ABD362371B3B700EF16B0 /* ViewControllerMethods.swift */,
				0B7ABD462372F2B400EF16B0 /* ZipperAnimations.swift */,
				0B73946723774B000087C95F /* SuggestionsManager.swift */,
			);
			path = Controller;
			sourceTree = "<group>";
		};
		0B7ABD222370208E00EF16B0 /* View */ = {
			isa = PBXGroup;
			children = (
				0B73947A2379AC560087C95F /* OptionsMenu */,
				0B73946923783C030087C95F /* SuggestionsMenu */,
				0B7ABD3C2371C77100EF16B0 /* TopButtonBar */,
				0B73945B2374519F0087C95F /* SideSelectionMenu */,
				0B7ABD3A2371C75E00EF16B0 /* SuggestMovieButton.swift */,
			);
			path = View;
			sourceTree = "<group>";
		};
		0B7ABD232370209000EF16B0 /* Model */ = {
			isa = PBXGroup;
			children = (
				0B73947D237AD33C0087C95F /* Page.swift */,
				0B73947F237AD35C0087C95F /* Genres.swift */,
				0B73947B2379EF3F0087C95F /* MenuOption.swift */,
				0B739483237ADC120087C95F /* Movie.swift */,
			);
			path = Model;
			sourceTree = "<group>";
		};
		0B7ABD24237020B800EF16B0 /* Helpers */ = {
			isa = PBXGroup;
			children = (
				0B7ABD1F23701FD700EF16B0 /* Colors.swift */,
				0B7ABD2523702A3F00EF16B0 /* Icons.swift */,
				0B7ABD2923703B9700EF16B0 /* Extensions.swift */,
				0B7ABD2F2370BD1F00EF16B0 /* Constants.swift */,
				0B739485237AEE090087C95F /* StateEnums.swift */,
			);
			path = Helpers;
			sourceTree = "<group>";
		};
		0B7ABD332371611400EF16B0 /* Delete? */ = {
			isa = PBXGroup;
			children = (
			);
			path = "Delete?";
			sourceTree = "<group>";
		};
		0B7ABD3C2371C77100EF16B0 /* TopButtonBar */ = {
			isa = PBXGroup;
			children = (
				0B7ABD402371FEA800EF16B0 /* TopButtonBar.swift */,
				0B7ABD2D2370ADA600EF16B0 /* ClearInputButton.swift */,
				0B7ABD31237160DC00EF16B0 /* LogoImageView.swift */,
				0B7ABD2B2370A6DC00EF16B0 /* ModeToggleButton.swift */,
			);
			path = TopButtonBar;
			sourceTree = "<group>";
		};
/* End PBXGroup section */

/* Begin PBXNativeTarget section */
		0B7ABD072370190000EF16B0 /* ZipFlix */ = {
			isa = PBXNativeTarget;
			buildConfigurationList = 0B7ABD1C2370190200EF16B0 /* Build configuration list for PBXNativeTarget "ZipFlix" */;
			buildPhases = (
				0B7ABD042370190000EF16B0 /* Sources */,
				0B7ABD052370190000EF16B0 /* Frameworks */,
				0B7ABD062370190000EF16B0 /* Resources */,
			);
			buildRules = (
			);
			dependencies = (
			);
			name = ZipFlix;
			productName = ZipFlix;
			productReference = 0B7ABD082370190000EF16B0 /* ZipFlix.app */;
			productType = "com.apple.product-type.application";
		};
/* End PBXNativeTarget section */

/* Begin PBXProject section */
		0B7ABD002370190000EF16B0 /* Project object */ = {
			isa = PBXProject;
			attributes = {
				LastSwiftUpdateCheck = 1110;
				LastUpgradeCheck = 1110;
				ORGANIZATIONNAME = "Studio Willebrands";
				TargetAttributes = {
					0B7ABD072370190000EF16B0 = {
						CreatedOnToolsVersion = 11.1;
					};
				};
			};
			buildConfigurationList = 0B7ABD032370190000EF16B0 /* Build configuration list for PBXProject "ZipFlix" */;
			compatibilityVersion = "Xcode 9.3";
			developmentRegion = en;
			hasScannedForEncodings = 0;
			knownRegions = (
				en,
				Base,
			);
			mainGroup = 0B7ABCFF2370190000EF16B0;
			productRefGroup = 0B7ABD092370190000EF16B0 /* Products */;
			projectDirPath = "";
			projectRoot = "";
			targets = (
				0B7ABD072370190000EF16B0 /* ZipFlix */,
			);
		};
/* End PBXProject section */

/* Begin PBXResourcesBuildPhase section */
		0B7ABD062370190000EF16B0 /* Resources */ = {
			isa = PBXResourcesBuildPhase;
			buildActionMask = 2147483647;
			files = (
				0B7ABD182370190200EF16B0 /* LaunchScreen.storyboard in Resources */,
				0B7ABD152370190200EF16B0 /* Assets.xcassets in Resources */,
				0B7ABD132370190000EF16B0 /* Main.storyboard in Resources */,
			);
			runOnlyForDeploymentPostprocessing = 0;
		};
/* End PBXResourcesBuildPhase section */

/* Begin PBXSourcesBuildPhase section */
		0B7ABD042370190000EF16B0 /* Sources */ = {
			isa = PBXSourcesBuildPhase;
			buildActionMask = 2147483647;
			files = (
				0B7ABD2C2370A6DC00EF16B0 /* ModeToggleButton.swift in Sources */,
				0B7394772379AA550087C95F /* SelectionManager.swift in Sources */,
				0B7ABD412371FEA800EF16B0 /* TopButtonBar.swift in Sources */,
				0B73946B23783C350087C95F /* SuggestionNavigators.swift in Sources */,
				0B7ABD472372F2B400EF16B0 /* ZipperAnimations.swift in Sources */,
				0B7ABD102370190000EF16B0 /* ViewController.swift in Sources */,
				0B7ABD2E2370ADA600EF16B0 /* ClearInputButton.swift in Sources */,
				0B7394792379AC4B0087C95F /* OptionsMenuView.swift in Sources */,
				0B739480237AD35C0087C95F /* Genres.swift in Sources */,
				0B7ABD3F2371C83A00EF16B0 /* RighSelectionMenu.swift in Sources */,
				0B739488237B3AD20087C95F /* Endpoint.swift in Sources */,
				0B73947C2379EF3F0087C95F /* MenuOption.swift in Sources */,
				0B7ABD32237160DC00EF16B0 /* LogoImageView.swift in Sources */,
				0B7ABD0C2370190000EF16B0 /* AppDelegate.swift in Sources */,
				0B7ABD302370BD1F00EF16B0 /* Constants.swift in Sources */,
				0B73946D237842C00087C95F /* MovieSuggestionsView.swift in Sources */,
				0B7ABD2023701FD700EF16B0 /* Colors.swift in Sources */,
				0B7ABD4923732CCC00EF16B0 /* IconLegalStuff.swift in Sources */,
				0B73947523799A150087C95F /* Client.swift in Sources */,
				0B739484237ADC120087C95F /* Movie.swift in Sources */,
				0B739486237AEE090087C95F /* StateEnums.swift in Sources */,
				0B73947E237AD33C0087C95F /* Page.swift in Sources */,
				0B73946823774B000087C95F /* SuggestionsManager.swift in Sources */,
				0B7ABD2623702A3F00EF16B0 /* Icons.swift in Sources */,
				0B7ABD372371B3B700EF16B0 /* ViewControllerMethods.swift in Sources */,
				0B7ABD0E2370190000EF16B0 /* SceneDelegate.swift in Sources */,
				0B7ABD392371BC6000EF16B0 /* LeftSelectionMenu.swift in Sources */,
				0B7ABD3B2371C75E00EF16B0 /* SuggestMovieButton.swift in Sources */,
				0B73945D237493AE0087C95F /* MenuCell.swift in Sources */,
				0B7ABD2A23703B9700EF16B0 /* Extensions.swift in Sources */,
				0B739482237AD5B60087C95F /* Error.swift in Sources */,
				0B7ABD452372B5B600EF16B0 /* Zipper.swift in Sources */,
			);
			runOnlyForDeploymentPostprocessing = 0;
		};
/* End PBXSourcesBuildPhase section */

/* Begin PBXVariantGroup section */
		0B7ABD112370190000EF16B0 /* Main.storyboard */ = {
			isa = PBXVariantGroup;
			children = (
				0B7ABD122370190000EF16B0 /* Base */,
			);
			name = Main.storyboard;
			sourceTree = "<group>";
		};
		0B7ABD162370190200EF16B0 /* LaunchScreen.storyboard */ = {
			isa = PBXVariantGroup;
			children = (
				0B7ABD172370190200EF16B0 /* Base */,
			);
			name = LaunchScreen.storyboard;
			sourceTree = "<group>";
		};
/* End PBXVariantGroup section */

/* Begin XCBuildConfiguration section */
		0B7ABD1A2370190200EF16B0 /* Debug */ = {
			isa = XCBuildConfiguration;
			buildSettings = {
				ALWAYS_SEARCH_USER_PATHS = NO;
				CLANG_ANALYZER_NONNULL = YES;
				CLANG_ANALYZER_NUMBER_OBJECT_CONVERSION = YES_AGGRESSIVE;
				CLANG_CXX_LANGUAGE_STANDARD = "gnu++14";
				CLANG_CXX_LIBRARY = "libc++";
				CLANG_ENABLE_MODULES = YES;
				CLANG_ENABLE_OBJC_ARC = YES;
				CLANG_ENABLE_OBJC_WEAK = YES;
				CLANG_WARN_BLOCK_CAPTURE_AUTORELEASING = YES;
				CLANG_WARN_BOOL_CONVERSION = YES;
				CLANG_WARN_COMMA = YES;
				CLANG_WARN_CONSTANT_CONVERSION = YES;
				CLANG_WARN_DEPRECATED_OBJC_IMPLEMENTATIONS = YES;
				CLANG_WARN_DIRECT_OBJC_ISA_USAGE = YES_ERROR;
				CLANG_WARN_DOCUMENTATION_COMMENTS = YES;
				CLANG_WARN_EMPTY_BODY = YES;
				CLANG_WARN_ENUM_CONVERSION = YES;
				CLANG_WARN_INFINITE_RECURSION = YES;
				CLANG_WARN_INT_CONVERSION = YES;
				CLANG_WARN_NON_LITERAL_NULL_CONVERSION = YES;
				CLANG_WARN_OBJC_IMPLICIT_RETAIN_SELF = YES;
				CLANG_WARN_OBJC_LITERAL_CONVERSION = YES;
				CLANG_WARN_OBJC_ROOT_CLASS = YES_ERROR;
				CLANG_WARN_RANGE_LOOP_ANALYSIS = YES;
				CLANG_WARN_STRICT_PROTOTYPES = YES;
				CLANG_WARN_SUSPICIOUS_MOVE = YES;
				CLANG_WARN_UNGUARDED_AVAILABILITY = YES_AGGRESSIVE;
				CLANG_WARN_UNREACHABLE_CODE = YES;
				CLANG_WARN__DUPLICATE_METHOD_MATCH = YES;
				COPY_PHASE_STRIP = NO;
				DEBUG_INFORMATION_FORMAT = dwarf;
				ENABLE_STRICT_OBJC_MSGSEND = YES;
				ENABLE_TESTABILITY = YES;
				GCC_C_LANGUAGE_STANDARD = gnu11;
				GCC_DYNAMIC_NO_PIC = NO;
				GCC_NO_COMMON_BLOCKS = YES;
				GCC_OPTIMIZATION_LEVEL = 0;
				GCC_PREPROCESSOR_DEFINITIONS = (
					"DEBUG=1",
					"$(inherited)",
				);
				GCC_WARN_64_TO_32_BIT_CONVERSION = YES;
				GCC_WARN_ABOUT_RETURN_TYPE = YES_ERROR;
				GCC_WARN_UNDECLARED_SELECTOR = YES;
				GCC_WARN_UNINITIALIZED_AUTOS = YES_AGGRESSIVE;
				GCC_WARN_UNUSED_FUNCTION = YES;
				GCC_WARN_UNUSED_VARIABLE = YES;
				IPHONEOS_DEPLOYMENT_TARGET = 13.1;
				MTL_ENABLE_DEBUG_INFO = INCLUDE_SOURCE;
				MTL_FAST_MATH = YES;
				ONLY_ACTIVE_ARCH = YES;
				SDKROOT = iphoneos;
				SWIFT_ACTIVE_COMPILATION_CONDITIONS = DEBUG;
				SWIFT_OPTIMIZATION_LEVEL = "-Onone";
			};
			name = Debug;
		};
		0B7ABD1B2370190200EF16B0 /* Release */ = {
			isa = XCBuildConfiguration;
			buildSettings = {
				ALWAYS_SEARCH_USER_PATHS = NO;
				CLANG_ANALYZER_NONNULL = YES;
				CLANG_ANALYZER_NUMBER_OBJECT_CONVERSION = YES_AGGRESSIVE;
				CLANG_CXX_LANGUAGE_STANDARD = "gnu++14";
				CLANG_CXX_LIBRARY = "libc++";
				CLANG_ENABLE_MODULES = YES;
				CLANG_ENABLE_OBJC_ARC = YES;
				CLANG_ENABLE_OBJC_WEAK = YES;
				CLANG_WARN_BLOCK_CAPTURE_AUTORELEASING = YES;
				CLANG_WARN_BOOL_CONVERSION = YES;
				CLANG_WARN_COMMA = YES;
				CLANG_WARN_CONSTANT_CONVERSION = YES;
				CLANG_WARN_DEPRECATED_OBJC_IMPLEMENTATIONS = YES;
				CLANG_WARN_DIRECT_OBJC_ISA_USAGE = YES_ERROR;
				CLANG_WARN_DOCUMENTATION_COMMENTS = YES;
				CLANG_WARN_EMPTY_BODY = YES;
				CLANG_WARN_ENUM_CONVERSION = YES;
				CLANG_WARN_INFINITE_RECURSION = YES;
				CLANG_WARN_INT_CONVERSION = YES;
				CLANG_WARN_NON_LITERAL_NULL_CONVERSION = YES;
				CLANG_WARN_OBJC_IMPLICIT_RETAIN_SELF = YES;
				CLANG_WARN_OBJC_LITERAL_CONVERSION = YES;
				CLANG_WARN_OBJC_ROOT_CLASS = YES_ERROR;
				CLANG_WARN_RANGE_LOOP_ANALYSIS = YES;
				CLANG_WARN_STRICT_PROTOTYPES = YES;
				CLANG_WARN_SUSPICIOUS_MOVE = YES;
				CLANG_WARN_UNGUARDED_AVAILABILITY = YES_AGGRESSIVE;
				CLANG_WARN_UNREACHABLE_CODE = YES;
				CLANG_WARN__DUPLICATE_METHOD_MATCH = YES;
				COPY_PHASE_STRIP = NO;
				DEBUG_INFORMATION_FORMAT = "dwarf-with-dsym";
				ENABLE_NS_ASSERTIONS = NO;
				ENABLE_STRICT_OBJC_MSGSEND = YES;
				GCC_C_LANGUAGE_STANDARD = gnu11;
				GCC_NO_COMMON_BLOCKS = YES;
				GCC_WARN_64_TO_32_BIT_CONVERSION = YES;
				GCC_WARN_ABOUT_RETURN_TYPE = YES_ERROR;
				GCC_WARN_UNDECLARED_SELECTOR = YES;
				GCC_WARN_UNINITIALIZED_AUTOS = YES_AGGRESSIVE;
				GCC_WARN_UNUSED_FUNCTION = YES;
				GCC_WARN_UNUSED_VARIABLE = YES;
				IPHONEOS_DEPLOYMENT_TARGET = 13.1;
				MTL_ENABLE_DEBUG_INFO = NO;
				MTL_FAST_MATH = YES;
				SDKROOT = iphoneos;
				SWIFT_COMPILATION_MODE = wholemodule;
				SWIFT_OPTIMIZATION_LEVEL = "-O";
				VALIDATE_PRODUCT = YES;
			};
			name = Release;
		};
		0B7ABD1D2370190200EF16B0 /* Debug */ = {
			isa = XCBuildConfiguration;
			buildSettings = {
				ASSETCATALOG_COMPILER_APPICON_NAME = AppIcon;
				CODE_SIGN_STYLE = Automatic;
				DEVELOPMENT_TEAM = 223MS2NG2U;
				INFOPLIST_FILE = ZipFlix/Info.plist;
				LD_RUNPATH_SEARCH_PATHS = (
					"$(inherited)",
					"@executable_path/Frameworks",
				);
				PRODUCT_BUNDLE_IDENTIFIER = com.wouterwillebrands.ZipFlix;
				PRODUCT_NAME = "$(TARGET_NAME)";
				SWIFT_VERSION = 5.0;
				TARGETED_DEVICE_FAMILY = "1,2";
			};
			name = Debug;
		};
		0B7ABD1E2370190200EF16B0 /* Release */ = {
			isa = XCBuildConfiguration;
			buildSettings = {
				ASSETCATALOG_COMPILER_APPICON_NAME = AppIcon;
				CODE_SIGN_STYLE = Automatic;
				DEVELOPMENT_TEAM = 223MS2NG2U;
				INFOPLIST_FILE = ZipFlix/Info.plist;
				LD_RUNPATH_SEARCH_PATHS = (
					"$(inherited)",
					"@executable_path/Frameworks",
				);
				PRODUCT_BUNDLE_IDENTIFIER = com.wouterwillebrands.ZipFlix;
				PRODUCT_NAME = "$(TARGET_NAME)";
				SWIFT_VERSION = 5.0;
				TARGETED_DEVICE_FAMILY = "1,2";
			};
			name = Release;
		};
/* End XCBuildConfiguration section */

/* Begin XCConfigurationList section */
		0B7ABD032370190000EF16B0 /* Build configuration list for PBXProject "ZipFlix" */ = {
			isa = XCConfigurationList;
			buildConfigurations = (
				0B7ABD1A2370190200EF16B0 /* Debug */,
				0B7ABD1B2370190200EF16B0 /* Release */,
			);
			defaultConfigurationIsVisible = 0;
			defaultConfigurationName = Release;
		};
		0B7ABD1C2370190200EF16B0 /* Build configuration list for PBXNativeTarget "ZipFlix" */ = {
			isa = XCConfigurationList;
			buildConfigurations = (
				0B7ABD1D2370190200EF16B0 /* Debug */,
				0B7ABD1E2370190200EF16B0 /* Release */,
			);
			defaultConfigurationIsVisible = 0;
			defaultConfigurationName = Release;
		};
/* End XCConfigurationList section */
	};
	rootObject = 0B7ABD002370190000EF16B0 /* Project object */;
}
